
Microsoft Visual Studio Solution File, Format Version 12.00
# Visual Studio Version 16
VisualStudioVersion = 16.0.31727.386
MinimumVisualStudioVersion = 10.0.40219.1
Project("{FAE04EC0-301F-11D3-BF4B-00C04F79EFBC}") = "key", "key\key.csproj", "{C17A5A61-46DF-4665-B31C-51D7D23CD25F}"
EndProject
Global
	GlobalSection(SolutionConfigurationPlatforms) = preSolution
		Debug|Any CPU = Debug|Any CPU
		Release|Any CPU = Release|Any CPU
	EndGlobalSection
	GlobalSection(ProjectConfigurationPlatforms) = postSolution
		{C17A5A61-46DF-4665-B31C-51D7D23CD25F}.Debug|Any CPU.ActiveCfg = Debug|Any CPU
		{C17A5A61-46DF-4665-B31C-51D7D23CD25F}.Debug|Any CPU.Build.0 = Debug|Any CPU
		{C17A5A61-46DF-4665-B31C-51D7D23CD25F}.Release|Any CPU.ActiveCfg = Release|Any CPU
		{C17A5A61-46DF-4665-B31C-51D7D23CD25F}.Release|Any CPU.Build.0 = Release|Any CPU
	EndGlobalSection
	GlobalSection(SolutionProperties) = preSolution
		HideSolutionNode = FALSE
	EndGlobalSection
	GlobalSection(ExtensibilityGlobals) = postSolution
		SolutionGuid = {ADFFAE12-6196-424C-B4C8-BA90739EE863}
	EndGlobalSection
EndGlobal
